
Microsoft Visual Studio Solution File, Format Version 12.00
# Visual Studio 15
VisualStudioVersion = 15.0.27703.2000
MinimumVisualStudioVersion = 10.0.40219.1
Project("{8BC9CEB8-8B4A-11D0-8D11-00A0C91BC942}") = "MyoJavaSDK", "MyoJavaSDK\MyoJavaSDK.vcxproj", "{ED42A948-C549-4528-9E58-A2AF0C125F02}"
EndProject
Global
	GlobalSection(SolutionConfigurationPlatforms) = preSolution
		Debug|x64 = Debug|x64
		Debug|x86 = Debug|x86
		Release|x64 = Release|x64
		Release|x86 = Release|x86
	EndGlobalSection
	GlobalSection(ProjectConfigurationPlatforms) = postSolution
		{ED42A948-C549-4528-9E58-A2AF0C125F02}.Debug|x64.ActiveCfg = Debug|x64
		{ED42A948-C549-4528-9E58-A2AF0C125F02}.Debug|x64.Build.0 = Debug|x64
		{ED42A948-C549-4528-9E58-A2AF0C125F02}.Debug|x86.ActiveCfg = Debug|Win32
		{ED42A948-C549-4528-9E58-A2AF0C125F02}.Debug|x86.Build.0 = Debug|Win32
		{ED42A948-C549-4528-9E58-A2AF0C125F02}.Release|x64.ActiveCfg = Release|x64
		{ED42A948-C549-4528-9E58-A2AF0C125F02}.Release|x64.Build.0 = Release|x64
		{ED42A948-C549-4528-9E58-A2AF0C125F02}.Release|x86.ActiveCfg = Release|Win32
		{ED42A948-C549-4528-9E58-A2AF0C125F02}.Release|x86.Build.0 = Release|Win32
	EndGlobalSection
	GlobalSection(SolutionProperties) = preSolution
		HideSolutionNode = FALSE
	EndGlobalSection
	GlobalSection(ExtensibilityGlobals) = postSolution
		SolutionGuid = {9D81989E-A00C-4C7D-8FD8-3A6D63268BBE}
	EndGlobalSection
EndGlobal
